// !$*UTF8*$!
{
	archiveVersion = 1;
	classes = {
	};
	objectVersion = 77;
	objects = {

/* Begin PBXContainerItemProxy section */
		6DB00AA12CAC3C6800E3043A /* PBXContainerItemProxy */ = {
			isa = PBXContainerItemProxy;
			containerPortal = 6DB00A822CAC3C6600E3043A /* Project object */;
			proxyType = 1;
			remoteGlobalIDString = 6DB00A892CAC3C6600E3043A;
			remoteInfo = ReadQiitaApp_CleanArchitecture;
		};
		6DB00AAB2CAC3C6800E3043A /* PBXContainerItemProxy */ = {
			isa = PBXContainerItemProxy;
			containerPortal = 6DB00A822CAC3C6600E3043A /* Project object */;
			proxyType = 1;
			remoteGlobalIDString = 6DB00A892CAC3C6600E3043A;
			remoteInfo = ReadQiitaApp_CleanArchitecture;
		};
/* End PBXContainerItemProxy section */

/* Begin PBXFileReference section */
		6DB00A8A2CAC3C6600E3043A /* ReadQiitaApp_CleanArchitecture.app */ = {isa = PBXFileReference; explicitFileType = wrapper.application; includeInIndex = 0; path = ReadQiitaApp_CleanArchitecture.app; sourceTree = BUILT_PRODUCTS_DIR; };
		6DB00AA02CAC3C6800E3043A /* ReadQiitaApp_CleanArchitectureTests.xctest */ = {isa = PBXFileReference; explicitFileType = wrapper.cfbundle; includeInIndex = 0; path = ReadQiitaApp_CleanArchitectureTests.xctest; sourceTree = BUILT_PRODUCTS_DIR; };
		6DB00AAA2CAC3C6800E3043A /* ReadQiitaApp_CleanArchitectureUITests.xctest */ = {isa = PBXFileReference; explicitFileType = wrapper.cfbundle; includeInIndex = 0; path = ReadQiitaApp_CleanArchitectureUITests.xctest; sourceTree = BUILT_PRODUCTS_DIR; };
/* End PBXFileReference section */

/* Begin PBXFileSystemSynchronizedBuildFileExceptionSet section */
		6DB00AB22CAC3C6800E3043A /* Exceptions for "ReadQiitaApp_CleanArchitecture" folder in "ReadQiitaApp_CleanArchitecture" target */ = {
			isa = PBXFileSystemSynchronizedBuildFileExceptionSet;
			membershipExceptions = (
				Info.plist,
			);
			target = 6DB00A892CAC3C6600E3043A /* ReadQiitaApp_CleanArchitecture */;
		};
/* End PBXFileSystemSynchronizedBuildFileExceptionSet section */

/* Begin PBXFileSystemSynchronizedRootGroup section */
		6DB00A8C2CAC3C6600E3043A /* ReadQiitaApp_CleanArchitecture */ = {
			isa = PBXFileSystemSynchronizedRootGroup;
			exceptions = (
				6DB00AB22CAC3C6800E3043A /* Exceptions for "ReadQiitaApp_CleanArchitecture" folder in "ReadQiitaApp_CleanArchitecture" target */,
			);
			path = ReadQiitaApp_CleanArchitecture;
			sourceTree = "<group>";
		};
		6DB00AA32CAC3C6800E3043A /* ReadQiitaApp_CleanArchitectureTests */ = {
			isa = PBXFileSystemSynchronizedRootGroup;
			path = ReadQiitaApp_CleanArchitectureTests;
			sourceTree = "<group>";
		};
		6DB00AAD2CAC3C6800E3043A /* ReadQiitaApp_CleanArchitectureUITests */ = {
			isa = PBXFileSystemSynchronizedRootGroup;
			path = ReadQiitaApp_CleanArchitectureUITests;
			sourceTree = "<group>";
		};
/* End PBXFileSystemSynchronizedRootGroup section */

/* Begin PBXFrameworksBuildPhase section */
		6DB00A872CAC3C6600E3043A /* Frameworks */ = {
			isa = PBXFrameworksBuildPhase;
			buildActionMask = 2147483647;
			files = (
			);
			runOnlyForDeploymentPostprocessing = 0;
		};
		6DB00A9D2CAC3C6800E3043A /* Frameworks */ = {
			isa = PBXFrameworksBuildPhase;
			buildActionMask = 2147483647;
			files = (
			);
			runOnlyForDeploymentPostprocessing = 0;
		};
		6DB00AA72CAC3C6800E3043A /* Frameworks */ = {
			isa = PBXFrameworksBuildPhase;
			buildActionMask = 2147483647;
			files = (
			);
			runOnlyForDeploymentPostprocessing = 0;
		};
/* End PBXFrameworksBuildPhase section */

/* Begin PBXGroup section */
		6DB00A812CAC3C6600E3043A = {
			isa = PBXGroup;
			children = (
				6DB00A8C2CAC3C6600E3043A /* ReadQiitaApp_CleanArchitecture */,
				6DB00AA32CAC3C6800E3043A /* ReadQiitaApp_CleanArchitectureTests */,
				6DB00AAD2CAC3C6800E3043A /* ReadQiitaApp_CleanArchitectureUITests */,
				6DB00A8B2CAC3C6600E3043A /* Products */,
			);
			sourceTree = "<group>";
		};
		6DB00A8B2CAC3C6600E3043A /* Products */ = {
			isa = PBXGroup;
			children = (
				6DB00A8A2CAC3C6600E3043A /* ReadQiitaApp_CleanArchitecture.app */,
				6DB00AA02CAC3C6800E3043A /* ReadQiitaApp_CleanArchitectureTests.xctest */,
				6DB00AAA2CAC3C6800E3043A /* ReadQiitaApp_CleanArchitectureUITests.xctest */,
			);
			name = Products;
			sourceTree = "<group>";
		};
/* End PBXGroup section */

/* Begin PBXNativeTarget section */
		6DB00A892CAC3C6600E3043A /* ReadQiitaApp_CleanArchitecture */ = {
			isa = PBXNativeTarget;
			buildConfigurationList = 6DB00AB32CAC3C6800E3043A /* Build configuration list for PBXNativeTarget "ReadQiitaApp_CleanArchitecture" */;
			buildPhases = (
				6DB00A862CAC3C6600E3043A /* Sources */,
				6DB00A872CAC3C6600E3043A /* Frameworks */,
				6DB00A882CAC3C6600E3043A /* Resources */,
			);
			buildRules = (
			);
			dependencies = (
			);
			fileSystemSynchronizedGroups = (
				6DB00A8C2CAC3C6600E3043A /* ReadQiitaApp_CleanArchitecture */,
			);
			name = ReadQiitaApp_CleanArchitecture;
			packageProductDependencies = (
			);
			productName = ReadQiitaApp_CleanArchitecture;
			productReference = 6DB00A8A2CAC3C6600E3043A /* ReadQiitaApp_CleanArchitecture.app */;
			productType = "com.apple.product-type.application";
		};
		6DB00A9F2CAC3C6800E3043A /* ReadQiitaApp_CleanArchitectureTests */ = {
			isa = PBXNativeTarget;
			buildConfigurationList = 6DB00AB82CAC3C6800E3043A /* Build configuration list for PBXNativeTarget "ReadQiitaApp_CleanArchitectureTests" */;
			buildPhases = (
				6DB00A9C2CAC3C6800E3043A /* Sources */,
				6DB00A9D2CAC3C6800E3043A /* Frameworks */,
				6DB00A9E2CAC3C6800E3043A /* Resources */,
			);
			buildRules = (
			);
			dependencies = (
				6DB00AA22CAC3C6800E3043A /* PBXTargetDependency */,
			);
			fileSystemSynchronizedGroups = (
				6DB00AA32CAC3C6800E3043A /* ReadQiitaApp_CleanArchitectureTests */,
			);
			name = ReadQiitaApp_CleanArchitectureTests;
			packageProductDependencies = (
			);
			productName = ReadQiitaApp_CleanArchitectureTests;
			productReference = 6DB00AA02CAC3C6800E3043A /* ReadQiitaApp_CleanArchitectureTests.xctest */;
			productType = "com.apple.product-type.bundle.unit-test";
		};
		6DB00AA92CAC3C6800E3043A /* ReadQiitaApp_CleanArchitectureUITests */ = {
			isa = PBXNativeTarget;
			buildConfigurationList = 6DB00ABB2CAC3C6800E3043A /* Build configuration list for PBXNativeTarget "ReadQiitaApp_CleanArchitectureUITests" */;
			buildPhases = (
				6DB00AA62CAC3C6800E3043A /* Sources */,
				6DB00AA72CAC3C6800E3043A /* Frameworks */,
				6DB00AA82CAC3C6800E3043A /* Resources */,
			);
			buildRules = (
			);
			dependencies = (
				6DB00AAC2CAC3C6800E3043A /* PBXTargetDependency */,
			);
			fileSystemSynchronizedGroups = (
				6DB00AAD2CAC3C6800E3043A /* ReadQiitaApp_CleanArchitectureUITests */,
			);
			name = ReadQiitaApp_CleanArchitectureUITests;
			packageProductDependencies = (
			);
			productName = ReadQiitaApp_CleanArchitectureUITests;
			productReference = 6DB00AAA2CAC3C6800E3043A /* ReadQiitaApp_CleanArchitectureUITests.xctest */;
			productType = "com.apple.product-type.bundle.ui-testing";
		};
/* End PBXNativeTarget section */

/* Begin PBXProject section */
		6DB00A822CAC3C6600E3043A /* Project object */ = {
			isa = PBXProject;
			attributes = {
				BuildIndependentTargetsInParallel = 1;
				LastSwiftUpdateCheck = 1600;
				LastUpgradeCheck = 1600;
				TargetAttributes = {
					6DB00A892CAC3C6600E3043A = {
						CreatedOnToolsVersion = 16.0;
					};
					6DB00A9F2CAC3C6800E3043A = {
						CreatedOnToolsVersion = 16.0;
						TestTargetID = 6DB00A892CAC3C6600E3043A;
					};
					6DB00AA92CAC3C6800E3043A = {
						CreatedOnToolsVersion = 16.0;
						TestTargetID = 6DB00A892CAC3C6600E3043A;
					};
				};
			};
			buildConfigurationList = 6DB00A852CAC3C6600E3043A /* Build configuration list for PBXProject "ReadQiitaApp_CleanArchitecture" */;
			developmentRegion = en;
			hasScannedForEncodings = 0;
			knownRegions = (
				en,
				Base,
			);
			mainGroup = 6DB00A812CAC3C6600E3043A;
			minimizedProjectReferenceProxies = 1;
			preferredProjectObjectVersion = 77;
			productRefGroup = 6DB00A8B2CAC3C6600E3043A /* Products */;
			projectDirPath = "";
			projectRoot = "";
			targets = (
				6DB00A892CAC3C6600E3043A /* ReadQiitaApp_CleanArchitecture */,
				6DB00A9F2CAC3C6800E3043A /* ReadQiitaApp_CleanArchitectureTests */,
				6DB00AA92CAC3C6800E3043A /* ReadQiitaApp_CleanArchitectureUITests */,
			);
		};
/* End PBXProject section */

/* Begin PBXResourcesBuildPhase section */
		6DB00A882CAC3C6600E3043A /* Resources */ = {
			isa = PBXResourcesBuildPhase;
			buildActionMask = 2147483647;
			files = (
			);
			runOnlyForDeploymentPostprocessing = 0;
		};
		6DB00A9E2CAC3C6800E3043A /* Resources */ = {
			isa = PBXResourcesBuildPhase;
			buildActionMask = 2147483647;
			files = (
			);
			runOnlyForDeploymentPostprocessing = 0;
		};
		6DB00AA82CAC3C6800E3043A /* Resources */ = {
			isa = PBXResourcesBuildPhase;
			buildActionMask = 2147483647;
			files = (
			);
			runOnlyForDeploymentPostprocessing = 0;
		};
/* End PBXResourcesBuildPhase section */

/* Begin PBXSourcesBuildPhase section */
		6DB00A862CAC3C6600E3043A /* Sources */ = {
			isa = PBXSourcesBuildPhase;
			buildActionMask = 2147483647;
			files = (
			);
			runOnlyForDeploymentPostprocessing = 0;
		};
		6DB00A9C2CAC3C6800E3043A /* Sources */ = {
			isa = PBXSourcesBuildPhase;
			buildActionMask = 2147483647;
			files = (
			);
			runOnlyForDeploymentPostprocessing = 0;
		};
		6DB00AA62CAC3C6800E3043A /* Sources */ = {
			isa = PBXSourcesBuildPhase;
			buildActionMask = 2147483647;
			files = (
			);
			runOnlyForDeploymentPostprocessing = 0;
		};
/* End PBXSourcesBuildPhase section */

/* Begin PBXTargetDependency section */
		6DB00AA22CAC3C6800E3043A /* PBXTargetDependency */ = {
			isa = PBXTargetDependency;
			target = 6DB00A892CAC3C6600E3043A /* ReadQiitaApp_CleanArchitecture */;
			targetProxy = 6DB00AA12CAC3C6800E3043A /* PBXContainerItemProxy */;
		};
		6DB00AAC2CAC3C6800E3043A /* PBXTargetDependency */ = {
			isa = PBXTargetDependency;
			target = 6DB00A892CAC3C6600E3043A /* ReadQiitaApp_CleanArchitecture */;
			targetProxy = 6DB00AAB2CAC3C6800E3043A /* PBXContainerItemProxy */;
		};
/* End PBXTargetDependency section */

/* Begin XCBuildConfiguration section */
		6DB00AB42CAC3C6800E3043A /* Debug */ = {
			isa = XCBuildConfiguration;
			buildSettings = {
				ASSETCATALOG_COMPILER_APPICON_NAME = AppIcon;
				ASSETCATALOG_COMPILER_GLOBAL_ACCENT_COLOR_NAME = AccentColor;
				CODE_SIGN_STYLE = Automatic;
				CURRENT_PROJECT_VERSION = 1;
				DEVELOPMENT_TEAM = 7RPFL7EXKD;
				GENERATE_INFOPLIST_FILE = YES;
				INFOPLIST_FILE = ReadQiitaApp_CleanArchitecture/Info.plist;
				INFOPLIST_KEY_UIApplicationSupportsIndirectInputEvents = YES;
				INFOPLIST_KEY_UILaunchStoryboardName = LaunchScreen;
				INFOPLIST_KEY_UIMainStoryboardFile = Main;
				INFOPLIST_KEY_UISupportedInterfaceOrientations_iPad = "UIInterfaceOrientationPortrait UIInterfaceOrientationPortraitUpsideDown UIInterfaceOrientationLandscapeLeft UIInterfaceOrientationLandscapeRight";
				INFOPLIST_KEY_UISupportedInterfaceOrientations_iPhone = "UIInterfaceOrientationPortrait UIInterfaceOrientationLandscapeLeft UIInterfaceOrientationLandscapeRight";
				LD_RUNPATH_SEARCH_PATHS = (
					"$(inherited)",
					"@executable_path/Frameworks",
				);
				MARKETING_VERSION = 1.0;
				PRODUCT_BUNDLE_IDENTIFIER = "masaharu.dobashi.ReadQiitaApp-CleanArchitecture";
				PRODUCT_NAME = "$(TARGET_NAME)";
				SWIFT_EMIT_LOC_STRINGS = YES;
				SWIFT_VERSION = 6.0;
				TARGETED_DEVICE_FAMILY = "1,2";
			};
			name = Debug;
		};
		6DB00AB52CAC3C6800E3043A /* Release */ = {
			isa = XCBuildConfiguration;
			buildSettings = {
				ASSETCATALOG_COMPILER_APPICON_NAME = AppIcon;
				ASSETCATALOG_COMPILER_GLOBAL_ACCENT_COLOR_NAME = AccentColor;
				CODE_SIGN_STYLE = Automatic;
				CURRENT_PROJECT_VERSION = 1;
				DEVELOPMENT_TEAM = 7RPFL7EXKD;
				GENERATE_INFOPLIST_FILE = YES;
				INFOPLIST_FILE = ReadQiitaApp_CleanArchitecture/Info.plist;
				INFOPLIST_KEY_UIApplicationSupportsIndirectInputEvents = YES;
				INFOPLIST_KEY_UILaunchStoryboardName = LaunchScreen;
				INFOPLIST_KEY_UIMainStoryboardFile = Main;
				INFOPLIST_KEY_UISupportedInterfaceOrientations_iPad = "UIInterfaceOrientationPortrait UIInterfaceOrientationPortraitUpsideDown UIInterfaceOrientationLandscapeLeft UIInterfaceOrientationLandscapeRight";
				INFOPLIST_KEY_UISupportedInterfaceOrientations_iPhone = "UIInterfaceOrientationPortrait UIInterfaceOrientationLandscapeLeft UIInterfaceOrientationLandscapeRight";
				LD_RUNPATH_SEARCH_PATHS = (
					"$(inherited)",
					"@executable_path/Frameworks",
				);
				MARKETING_VERSION = 1.0;
				PRODUCT_BUNDLE_IDENTIFIER = "masaharu.dobashi.ReadQiitaApp-CleanArchitecture";
				PRODUCT_NAME = "$(TARGET_NAME)";
				SWIFT_EMIT_LOC_STRINGS = YES;
				SWIFT_VERSION = 6.0;
				TARGETED_DEVICE_FAMILY = "1,2";
			};
			name = Release;
		};
		6DB00AB62CAC3C6800E3043A /* Debug */ = {
			isa = XCBuildConfiguration;
			buildSettings = {
				ALWAYS_SEARCH_USER_PATHS = NO;
				ASSETCATALOG_COMPILER_GENERATE_SWIFT_ASSET_SYMBOL_EXTENSIONS = YES;
				CLANG_ANALYZER_NONNULL = YES;
				CLANG_ANALYZER_NUMBER_OBJECT_CONVERSION = YES_AGGRESSIVE;
				CLANG_CXX_LANGUAGE_STANDARD = "gnu++20";
				CLANG_ENABLE_MODULES = YES;
				CLANG_ENABLE_OBJC_ARC = YES;
				CLANG_ENABLE_OBJC_WEAK = YES;
				CLANG_WARN_BLOCK_CAPTURE_AUTORELEASING = YES;
				CLANG_WARN_BOOL_CONVERSION = YES;
				CLANG_WARN_COMMA = YES;
				CLANG_WARN_CONSTANT_CONVERSION = YES;
				CLANG_WARN_DEPRECATED_OBJC_IMPLEMENTATIONS = YES;
				CLANG_WARN_DIRECT_OBJC_ISA_USAGE = YES_ERROR;
				CLANG_WARN_DOCUMENTATION_COMMENTS = YES;
				CLANG_WARN_EMPTY_BODY = YES;
				CLANG_WARN_ENUM_CONVERSION = YES;
				CLANG_WARN_INFINITE_RECURSION = YES;
				CLANG_WARN_INT_CONVERSION = YES;
				CLANG_WARN_NON_LITERAL_NULL_CONVERSION = YES;
				CLANG_WARN_OBJC_IMPLICIT_RETAIN_SELF = YES;
				CLANG_WARN_OBJC_LITERAL_CONVERSION = YES;
				CLANG_WARN_OBJC_ROOT_CLASS = YES_ERROR;
				CLANG_WARN_QUOTED_INCLUDE_IN_FRAMEWORK_HEADER = YES;
				CLANG_WARN_RANGE_LOOP_ANALYSIS = YES;
				CLANG_WARN_STRICT_PROTOTYPES = YES;
				CLANG_WARN_SUSPICIOUS_MOVE = YES;
				CLANG_WARN_UNGUARDED_AVAILABILITY = YES_AGGRESSIVE;
				CLANG_WARN_UNREACHABLE_CODE = YES;
				CLANG_WARN__DUPLICATE_METHOD_MATCH = YES;
				COPY_PHASE_STRIP = NO;
				DEBUG_INFORMATION_FORMAT = dwarf;
				ENABLE_STRICT_OBJC_MSGSEND = YES;
				ENABLE_TESTABILITY = YES;
				ENABLE_USER_SCRIPT_SANDBOXING = YES;
				GCC_C_LANGUAGE_STANDARD = gnu17;
				GCC_DYNAMIC_NO_PIC = NO;
				GCC_NO_COMMON_BLOCKS = YES;
				GCC_OPTIMIZATION_LEVEL = 0;
				GCC_PREPROCESSOR_DEFINITIONS = (
					"DEBUG=1",
					"$(inherited)",
				);
				GCC_WARN_64_TO_32_BIT_CONVERSION = YES;
				GCC_WARN_ABOUT_RETURN_TYPE = YES_ERROR;
				GCC_WARN_UNDECLARED_SELECTOR = YES;
				GCC_WARN_UNINITIALIZED_AUTOS = YES_AGGRESSIVE;
				GCC_WARN_UNUSED_FUNCTION = YES;
				GCC_WARN_UNUSED_VARIABLE = YES;
				IPHONEOS_DEPLOYMENT_TARGET = 18.0;
				LOCALIZATION_PREFERS_STRING_CATALOGS = YES;
				MTL_ENABLE_DEBUG_INFO = INCLUDE_SOURCE;
				MTL_FAST_MATH = YES;
				ONLY_ACTIVE_ARCH = YES;
				SDKROOT = iphoneos;
				SWIFT_ACTIVE_COMPILATION_CONDITIONS = "DEBUG $(inherited)";
				SWIFT_OPTIMIZATION_LEVEL = "-Onone";
			};
			name = Debug;
		};
		6DB00AB72CAC3C6800E3043A /* Release */ = {
			isa = XCBuildConfiguration;
			buildSettings = {
				ALWAYS_SEARCH_USER_PATHS = NO;
				ASSETCATALOG_COMPILER_GENERATE_SWIFT_ASSET_SYMBOL_EXTENSIONS = YES;
				CLANG_ANALYZER_NONNULL = YES;
				CLANG_ANALYZER_NUMBER_OBJECT_CONVERSION = YES_AGGRESSIVE;
				CLANG_CXX_LANGUAGE_STANDARD = "gnu++20";
				CLANG_ENABLE_MODULES = YES;
				CLANG_ENABLE_OBJC_ARC = YES;
				CLANG_ENABLE_OBJC_WEAK = YES;
				CLANG_WARN_BLOCK_CAPTURE_AUTORELEASING = YES;
				CLANG_WARN_BOOL_CONVERSION = YES;
				CLANG_WARN_COMMA = YES;
				CLANG_WARN_CONSTANT_CONVERSION = YES;
				CLANG_WARN_DEPRECATED_OBJC_IMPLEMENTATIONS = YES;
				CLANG_WARN_DIRECT_OBJC_ISA_USAGE = YES_ERROR;
				CLANG_WARN_DOCUMENTATION_COMMENTS = YES;
				CLANG_WARN_EMPTY_BODY = YES;
				CLANG_WARN_ENUM_CONVERSION = YES;
				CLANG_WARN_INFINITE_RECURSION = YES;
				CLANG_WARN_INT_CONVERSION = YES;
				CLANG_WARN_NON_LITERAL_NULL_CONVERSION = YES;
				CLANG_WARN_OBJC_IMPLICIT_RETAIN_SELF = YES;
				CLANG_WARN_OBJC_LITERAL_CONVERSION = YES;
				CLANG_WARN_OBJC_ROOT_CLASS = YES_ERROR;
				CLANG_WARN_QUOTED_INCLUDE_IN_FRAMEWORK_HEADER = YES;
				CLANG_WARN_RANGE_LOOP_ANALYSIS = YES;
				CLANG_WARN_STRICT_PROTOTYPES = YES;
				CLANG_WARN_SUSPICIOUS_MOVE = YES;
				CLANG_WARN_UNGUARDED_AVAILABILITY = YES_AGGRESSIVE;
				CLANG_WARN_UNREACHABLE_CODE = YES;
				CLANG_WARN__DUPLICATE_METHOD_MATCH = YES;
				COPY_PHASE_STRIP = NO;
				DEBUG_INFORMATION_FORMAT = "dwarf-with-dsym";
				ENABLE_NS_ASSERTIONS = NO;
				ENABLE_STRICT_OBJC_MSGSEND = YES;
				ENABLE_USER_SCRIPT_SANDBOXING = YES;
				GCC_C_LANGUAGE_STANDARD = gnu17;
				GCC_NO_COMMON_BLOCKS = YES;
				GCC_WARN_64_TO_32_BIT_CONVERSION = YES;
				GCC_WARN_ABOUT_RETURN_TYPE = YES_ERROR;
				GCC_WARN_UNDECLARED_SELECTOR = YES;
				GCC_WARN_UNINITIALIZED_AUTOS = YES_AGGRESSIVE;
				GCC_WARN_UNUSED_FUNCTION = YES;
				GCC_WARN_UNUSED_VARIABLE = YES;
				IPHONEOS_DEPLOYMENT_TARGET = 18.0;
				LOCALIZATION_PREFERS_STRING_CATALOGS = YES;
				MTL_ENABLE_DEBUG_INFO = NO;
				MTL_FAST_MATH = YES;
				SDKROOT = iphoneos;
				SWIFT_COMPILATION_MODE = wholemodule;
				VALIDATE_PRODUCT = YES;
			};
			name = Release;
		};
		6DB00AB92CAC3C6800E3043A /* Debug */ = {
			isa = XCBuildConfiguration;
			buildSettings = {
				BUNDLE_LOADER = "$(TEST_HOST)";
				CODE_SIGN_STYLE = Automatic;
				CURRENT_PROJECT_VERSION = 1;
				DEVELOPMENT_TEAM = 7RPFL7EXKD;
				GENERATE_INFOPLIST_FILE = YES;
				IPHONEOS_DEPLOYMENT_TARGET = 18.0;
				MARKETING_VERSION = 1.0;
				PRODUCT_BUNDLE_IDENTIFIER = "masaharu.dobashi.ReadQiitaApp-CleanArchitectureTests";
				PRODUCT_NAME = "$(TARGET_NAME)";
				SWIFT_EMIT_LOC_STRINGS = NO;
				SWIFT_VERSION = 5.0;
				TARGETED_DEVICE_FAMILY = "1,2";
				TEST_HOST = "$(BUILT_PRODUCTS_DIR)/ReadQiitaApp_CleanArchitecture.app/$(BUNDLE_EXECUTABLE_FOLDER_PATH)/ReadQiitaApp_CleanArchitecture";
			};
			name = Debug;
		};
		6DB00ABA2CAC3C6800E3043A /* Release */ = {
			isa = XCBuildConfiguration;
			buildSettings = {
				BUNDLE_LOADER = "$(TEST_HOST)";
				CODE_SIGN_STYLE = Automatic;
				CURRENT_PROJECT_VERSION = 1;
				DEVELOPMENT_TEAM = 7RPFL7EXKD;
				GENERATE_INFOPLIST_FILE = YES;
				IPHONEOS_DEPLOYMENT_TARGET = 18.0;
				MARKETING_VERSION = 1.0;
				PRODUCT_BUNDLE_IDENTIFIER = "masaharu.dobashi.ReadQiitaApp-CleanArchitectureTests";
				PRODUCT_NAME = "$(TARGET_NAME)";
				SWIFT_EMIT_LOC_STRINGS = NO;
				SWIFT_VERSION = 5.0;
				TARGETED_DEVICE_FAMILY = "1,2";
				TEST_HOST = "$(BUILT_PRODUCTS_DIR)/ReadQiitaApp_CleanArchitecture.app/$(BUNDLE_EXECUTABLE_FOLDER_PATH)/ReadQiitaApp_CleanArchitecture";
			};
			name = Release;
		};
		6DB00ABC2CAC3C6800E3043A /* Debug */ = {
			isa = XCBuildConfiguration;
			buildSettings = {
				CODE_SIGN_STYLE = Automatic;
				CURRENT_PROJECT_VERSION = 1;
				DEVELOPMENT_TEAM = 7RPFL7EXKD;
				GENERATE_INFOPLIST_FILE = YES;
				MARKETING_VERSION = 1.0;
				PRODUCT_BUNDLE_IDENTIFIER = "masaharu.dobashi.ReadQiitaApp-CleanArchitectureUITests";
				PRODUCT_NAME = "$(TARGET_NAME)";
				SWIFT_EMIT_LOC_STRINGS = NO;
				SWIFT_VERSION = 5.0;
				TARGETED_DEVICE_FAMILY = "1,2";
				TEST_TARGET_NAME = ReadQiitaApp_CleanArchitecture;
			};
			name = Debug;
		};
		6DB00ABD2CAC3C6800E3043A /* Release */ = {
			isa = XCBuildConfiguration;
			buildSettings = {
				CODE_SIGN_STYLE = Automatic;
				CURRENT_PROJECT_VERSION = 1;
				DEVELOPMENT_TEAM = 7RPFL7EXKD;
				GENERATE_INFOPLIST_FILE = YES;
				MARKETING_VERSION = 1.0;
				PRODUCT_BUNDLE_IDENTIFIER = "masaharu.dobashi.ReadQiitaApp-CleanArchitectureUITests";
				PRODUCT_NAME = "$(TARGET_NAME)";
				SWIFT_EMIT_LOC_STRINGS = NO;
				SWIFT_VERSION = 5.0;
				TARGETED_DEVICE_FAMILY = "1,2";
				TEST_TARGET_NAME = ReadQiitaApp_CleanArchitecture;
			};
			name = Release;
		};
/* End XCBuildConfiguration section */

/* Begin XCConfigurationList section */
		6DB00A852CAC3C6600E3043A /* Build configuration list for PBXProject "ReadQiitaApp_CleanArchitecture" */ = {
			isa = XCConfigurationList;
			buildConfigurations = (
				6DB00AB62CAC3C6800E3043A /* Debug */,
				6DB00AB72CAC3C6800E3043A /* Release */,
			);
			defaultConfigurationIsVisible = 0;
			defaultConfigurationName = Release;
		};
		6DB00AB32CAC3C6800E3043A /* Build configuration list for PBXNativeTarget "ReadQiitaApp_CleanArchitecture" */ = {
			isa = XCConfigurationList;
			buildConfigurations = (
				6DB00AB42CAC3C6800E3043A /* Debug */,
				6DB00AB52CAC3C6800E3043A /* Release */,
			);
			defaultConfigurationIsVisible = 0;
			defaultConfigurationName = Release;
		};
		6DB00AB82CAC3C6800E3043A /* Build configuration list for PBXNativeTarget "ReadQiitaApp_CleanArchitectureTests" */ = {
			isa = XCConfigurationList;
			buildConfigurations = (
				6DB00AB92CAC3C6800E3043A /* Debug */,
				6DB00ABA2CAC3C6800E3043A /* Release */,
			);
			defaultConfigurationIsVisible = 0;
			defaultConfigurationName = Release;
		};
		6DB00ABB2CAC3C6800E3043A /* Build configuration list for PBXNativeTarget "ReadQiitaApp_CleanArchitectureUITests" */ = {
			isa = XCConfigurationList;
			buildConfigurations = (
				6DB00ABC2CAC3C6800E3043A /* Debug */,
				6DB00ABD2CAC3C6800E3043A /* Release */,
			);
			defaultConfigurationIsVisible = 0;
			defaultConfigurationName = Release;
		};
/* End XCConfigurationList section */
	};
	rootObject = 6DB00A822CAC3C6600E3043A /* Project object */;
}
